
Microsoft Visual Studio Solution File, Format Version 12.00
# Visual Studio Version 16
VisualStudioVersion = 16.0.29215.179
MinimumVisualStudioVersion = 10.0.40219.1
Project("{FAE04EC0-301F-11D3-BF4B-00C04F79EFBC}") = "Media Organiser", "Media Organiser.csproj", "{23D7BF72-F415-4A9D-9928-BF7842EEF6ED}"
EndProject
Global
	GlobalSection(SolutionConfigurationPlatforms) = preSolution
		Debug|Any CPU = Debug|Any CPU
		Release|Any CPU = Release|Any CPU
	EndGlobalSection
	GlobalSection(ProjectConfigurationPlatforms) = postSolution
		{23D7BF72-F415-4A9D-9928-BF7842EEF6ED}.Debug|Any CPU.ActiveCfg = Debug|Any CPU
		{23D7BF72-F415-4A9D-9928-BF7842EEF6ED}.Debug|Any CPU.Build.0 = Debug|Any CPU
		{23D7BF72-F415-4A9D-9928-BF7842EEF6ED}.Release|Any CPU.ActiveCfg = Release|Any CPU
		{23D7BF72-F415-4A9D-9928-BF7842EEF6ED}.Release|Any CPU.Build.0 = Release|Any CPU
	EndGlobalSection
	GlobalSection(SolutionProperties) = preSolution
		HideSolutionNode = FALSE
	EndGlobalSection
	GlobalSection(ExtensibilityGlobals) = postSolution
		SolutionGuid = {92DD5491-EE52-4F1D-A7DF-DDB4388B25D5}
	EndGlobalSection
EndGlobal
